
Microsoft Visual Studio Solution File, Format Version 12.00
# Visual Studio Version 17
VisualStudioVersion = 17.2.32516.85
MinimumVisualStudioVersion = 10.0.40219.1
Project("{9A19103F-16F7-4668-BE54-9A1E7A4F7556}") = "URLShortener", "URLShortener\URLShortener.csproj", "{4CC29132-409B-40FD-A6AB-0A6DE05682B0}"
EndProject
Project("{FAE04EC0-301F-11D3-BF4B-00C04F79EFBC}") = "URLShortenerTests", "URLShortenerTests\URLShortenerTests.csproj", "{0806B9B9-830E-451E-801D-BAC5ADE6A07E}"
EndProject
Global
	GlobalSection(SolutionConfigurationPlatforms) = preSolution
		Debug|Any CPU = Debug|Any CPU
		Release|Any CPU = Release|Any CPU
	EndGlobalSection
	GlobalSection(ProjectConfigurationPlatforms) = postSolution
		{4CC29132-409B-40FD-A6AB-0A6DE05682B0}.Debug|Any CPU.ActiveCfg = Debug|Any CPU
		{4CC29132-409B-40FD-A6AB-0A6DE05682B0}.Debug|Any CPU.Build.0 = Debug|Any CPU
		{4CC29132-409B-40FD-A6AB-0A6DE05682B0}.Release|Any CPU.ActiveCfg = Release|Any CPU
		{4CC29132-409B-40FD-A6AB-0A6DE05682B0}.Release|Any CPU.Build.0 = Release|Any CPU
		{0806B9B9-830E-451E-801D-BAC5ADE6A07E}.Debug|Any CPU.ActiveCfg = Debug|Any CPU
		{0806B9B9-830E-451E-801D-BAC5ADE6A07E}.Debug|Any CPU.Build.0 = Debug|Any CPU
		{0806B9B9-830E-451E-801D-BAC5ADE6A07E}.Release|Any CPU.ActiveCfg = Release|Any CPU
		{0806B9B9-830E-451E-801D-BAC5ADE6A07E}.Release|Any CPU.Build.0 = Release|Any CPU
	EndGlobalSection
	GlobalSection(SolutionProperties) = preSolution
		HideSolutionNode = FALSE
	EndGlobalSection
	GlobalSection(ExtensibilityGlobals) = postSolution
		SolutionGuid = {F2C35D99-DA2A-4995-83CD-B6D25C0E6061}
	EndGlobalSection
EndGlobal
